
Microsoft Visual Studio Solution File, Format Version 12.00
Project("{FAE04EC0-301F-11D3-BF4B-00C04F79EFBC}") = "FastDelegate.Attributes", "FastDelegate.Attributes\FastDelegate.Attributes.csproj", "{67CC08A5-E0B0-4F5C-8677-AE16C0473177}"
EndProject
Project("{FAE04EC0-301F-11D3-BF4B-00C04F79EFBC}") = "FastDelegate.Rewriter", "FastDelegate.Rewriter\FastDelegate.Rewriter.csproj", "{F2781CF3-D9B7-4FDF-9E4E-8DEDFEC8ED10}"
EndProject
Project("{FAE04EC0-301F-11D3-BF4B-00C04F79EFBC}") = "TestLib", "TestLib\TestLib.csproj", "{B38AC6DE-AD0A-479A-B88F-E00BA001CB72}"
EndProject
Project("{FAE04EC0-301F-11D3-BF4B-00C04F79EFBC}") = "FastDelegate.Tests", "FastDelegate.Tests\FastDelegate.Tests.csproj", "{2A360D6A-6A25-415A-B945-36CBD6ACDF6D}"
EndProject
Project("{FAE04EC0-301F-11D3-BF4B-00C04F79EFBC}") = "FastDelegate", "FastDelegate\FastDelegate.csproj", "{9E51D70C-7B48-4088-9F00-5F22A14618A0}"
EndProject
Global
	GlobalSection(SolutionConfigurationPlatforms) = preSolution
		Debug|Any CPU = Debug|Any CPU
		Release|Any CPU = Release|Any CPU
	EndGlobalSection
	GlobalSection(ProjectConfigurationPlatforms) = postSolution
		{67CC08A5-E0B0-4F5C-8677-AE16C0473177}.Debug|Any CPU.ActiveCfg = Debug|Any CPU
		{67CC08A5-E0B0-4F5C-8677-AE16C0473177}.Debug|Any CPU.Build.0 = Debug|Any CPU
		{67CC08A5-E0B0-4F5C-8677-AE16C0473177}.Release|Any CPU.ActiveCfg = Release|Any CPU
		{67CC08A5-E0B0-4F5C-8677-AE16C0473177}.Release|Any CPU.Build.0 = Release|Any CPU
		{F2781CF3-D9B7-4FDF-9E4E-8DEDFEC8ED10}.Debug|Any CPU.ActiveCfg = Debug|Any CPU
		{F2781CF3-D9B7-4FDF-9E4E-8DEDFEC8ED10}.Debug|Any CPU.Build.0 = Debug|Any CPU
		{F2781CF3-D9B7-4FDF-9E4E-8DEDFEC8ED10}.Release|Any CPU.ActiveCfg = Release|Any CPU
		{F2781CF3-D9B7-4FDF-9E4E-8DEDFEC8ED10}.Release|Any CPU.Build.0 = Release|Any CPU
		{B38AC6DE-AD0A-479A-B88F-E00BA001CB72}.Debug|Any CPU.ActiveCfg = Debug|Any CPU
		{B38AC6DE-AD0A-479A-B88F-E00BA001CB72}.Debug|Any CPU.Build.0 = Debug|Any CPU
		{B38AC6DE-AD0A-479A-B88F-E00BA001CB72}.Release|Any CPU.ActiveCfg = Release|Any CPU
		{B38AC6DE-AD0A-479A-B88F-E00BA001CB72}.Release|Any CPU.Build.0 = Release|Any CPU
		{2A360D6A-6A25-415A-B945-36CBD6ACDF6D}.Debug|Any CPU.ActiveCfg = Debug|Any CPU
		{2A360D6A-6A25-415A-B945-36CBD6ACDF6D}.Debug|Any CPU.Build.0 = Debug|Any CPU
		{2A360D6A-6A25-415A-B945-36CBD6ACDF6D}.Release|Any CPU.ActiveCfg = Release|Any CPU
		{2A360D6A-6A25-415A-B945-36CBD6ACDF6D}.Release|Any CPU.Build.0 = Release|Any CPU
		{9E51D70C-7B48-4088-9F00-5F22A14618A0}.Debug|Any CPU.ActiveCfg = Debug|Any CPU
		{9E51D70C-7B48-4088-9F00-5F22A14618A0}.Debug|Any CPU.Build.0 = Debug|Any CPU
		{9E51D70C-7B48-4088-9F00-5F22A14618A0}.Release|Any CPU.ActiveCfg = Release|Any CPU
		{9E51D70C-7B48-4088-9F00-5F22A14618A0}.Release|Any CPU.Build.0 = Release|Any CPU
	EndGlobalSection
EndGlobal
